
Microsoft Visual Studio Solution File, Format Version 12.00
# Visual Studio 2013
VisualStudioVersion = 12.0.31101.0
MinimumVisualStudioVersion = 10.0.40219.1
Project("{FAE04EC0-301F-11D3-BF4B-00C04F79EFBC}") = "MicroManager", "MicroManager\MicroManager.csproj", "{AE89C1E6-020A-4415-A868-F3B84617470B}"
EndProject
Project("{FAE04EC0-301F-11D3-BF4B-00C04F79EFBC}") = "Library", "Library\Library.csproj", "{F0E27409-FCBF-4F49-B927-E1B431D18C80}"
EndProject
Project("{FAE04EC0-301F-11D3-BF4B-00C04F79EFBC}") = "Interfaces", "Interfaces\Interfaces.csproj", "{502C1830-B450-4DD9-8AA1-1125AC7742B0}"
EndProject
Project("{6141683F-8A12-4E36-9623-2EB02B2C2303}") = "Setup", "Setup\Setup.isproj", "{B5C17A6F-B1FF-4389-8451-9B05F3C81862}"
	ProjectSection(ProjectDependencies) = postProject
		{AE89C1E6-020A-4415-A868-F3B84617470B} = {AE89C1E6-020A-4415-A868-F3B84617470B}
	EndProjectSection
EndProject
Global
	GlobalSection(SolutionConfigurationPlatforms) = preSolution
		CD_ROM|Any CPU = CD_ROM|Any CPU
		Debug|Any CPU = Debug|Any CPU
		DVD-5|Any CPU = DVD-5|Any CPU
		Release|Any CPU = Release|Any CPU
		SingleImage|Any CPU = SingleImage|Any CPU
	EndGlobalSection
	GlobalSection(ProjectConfigurationPlatforms) = postSolution
		{AE89C1E6-020A-4415-A868-F3B84617470B}.CD_ROM|Any CPU.ActiveCfg = Release|Any CPU
		{AE89C1E6-020A-4415-A868-F3B84617470B}.CD_ROM|Any CPU.Build.0 = Release|Any CPU
		{AE89C1E6-020A-4415-A868-F3B84617470B}.Debug|Any CPU.ActiveCfg = Debug|Any CPU
		{AE89C1E6-020A-4415-A868-F3B84617470B}.Debug|Any CPU.Build.0 = Debug|Any CPU
		{AE89C1E6-020A-4415-A868-F3B84617470B}.DVD-5|Any CPU.ActiveCfg = Debug|Any CPU
		{AE89C1E6-020A-4415-A868-F3B84617470B}.DVD-5|Any CPU.Build.0 = Debug|Any CPU
		{AE89C1E6-020A-4415-A868-F3B84617470B}.Release|Any CPU.ActiveCfg = Release|Any CPU
		{AE89C1E6-020A-4415-A868-F3B84617470B}.Release|Any CPU.Build.0 = Release|Any CPU
		{AE89C1E6-020A-4415-A868-F3B84617470B}.SingleImage|Any CPU.ActiveCfg = Release|Any CPU
		{AE89C1E6-020A-4415-A868-F3B84617470B}.SingleImage|Any CPU.Build.0 = Release|Any CPU
		{F0E27409-FCBF-4F49-B927-E1B431D18C80}.CD_ROM|Any CPU.ActiveCfg = Release|Any CPU
		{F0E27409-FCBF-4F49-B927-E1B431D18C80}.CD_ROM|Any CPU.Build.0 = Release|Any CPU
		{F0E27409-FCBF-4F49-B927-E1B431D18C80}.Debug|Any CPU.ActiveCfg = Debug|Any CPU
		{F0E27409-FCBF-4F49-B927-E1B431D18C80}.Debug|Any CPU.Build.0 = Debug|Any CPU
		{F0E27409-FCBF-4F49-B927-E1B431D18C80}.DVD-5|Any CPU.ActiveCfg = Debug|Any CPU
		{F0E27409-FCBF-4F49-B927-E1B431D18C80}.DVD-5|Any CPU.Build.0 = Debug|Any CPU
		{F0E27409-FCBF-4F49-B927-E1B431D18C80}.Release|Any CPU.ActiveCfg = Release|Any CPU
		{F0E27409-FCBF-4F49-B927-E1B431D18C80}.Release|Any CPU.Build.0 = Release|Any CPU
		{F0E27409-FCBF-4F49-B927-E1B431D18C80}.SingleImage|Any CPU.ActiveCfg = Release|Any CPU
		{F0E27409-FCBF-4F49-B927-E1B431D18C80}.SingleImage|Any CPU.Build.0 = Release|Any CPU
		{502C1830-B450-4DD9-8AA1-1125AC7742B0}.CD_ROM|Any CPU.ActiveCfg = Release|Any CPU
		{502C1830-B450-4DD9-8AA1-1125AC7742B0}.CD_ROM|Any CPU.Build.0 = Release|Any CPU
		{502C1830-B450-4DD9-8AA1-1125AC7742B0}.Debug|Any CPU.ActiveCfg = Debug|Any CPU
		{502C1830-B450-4DD9-8AA1-1125AC7742B0}.Debug|Any CPU.Build.0 = Debug|Any CPU
		{502C1830-B450-4DD9-8AA1-1125AC7742B0}.DVD-5|Any CPU.ActiveCfg = Debug|Any CPU
		{502C1830-B450-4DD9-8AA1-1125AC7742B0}.DVD-5|Any CPU.Build.0 = Debug|Any CPU
		{502C1830-B450-4DD9-8AA1-1125AC7742B0}.Release|Any CPU.ActiveCfg = Release|Any CPU
		{502C1830-B450-4DD9-8AA1-1125AC7742B0}.Release|Any CPU.Build.0 = Release|Any CPU
		{502C1830-B450-4DD9-8AA1-1125AC7742B0}.SingleImage|Any CPU.ActiveCfg = Release|Any CPU
		{502C1830-B450-4DD9-8AA1-1125AC7742B0}.SingleImage|Any CPU.Build.0 = Release|Any CPU
		{B5C17A6F-B1FF-4389-8451-9B05F3C81862}.CD_ROM|Any CPU.ActiveCfg = CD_ROM
		{B5C17A6F-B1FF-4389-8451-9B05F3C81862}.CD_ROM|Any CPU.Build.0 = CD_ROM
		{B5C17A6F-B1FF-4389-8451-9B05F3C81862}.Debug|Any CPU.ActiveCfg = DVD-5
		{B5C17A6F-B1FF-4389-8451-9B05F3C81862}.Debug|Any CPU.Build.0 = DVD-5
		{B5C17A6F-B1FF-4389-8451-9B05F3C81862}.DVD-5|Any CPU.ActiveCfg = DVD-5
		{B5C17A6F-B1FF-4389-8451-9B05F3C81862}.DVD-5|Any CPU.Build.0 = DVD-5
		{B5C17A6F-B1FF-4389-8451-9B05F3C81862}.Release|Any CPU.ActiveCfg = SingleImage
		{B5C17A6F-B1FF-4389-8451-9B05F3C81862}.Release|Any CPU.Build.0 = SingleImage
		{B5C17A6F-B1FF-4389-8451-9B05F3C81862}.SingleImage|Any CPU.ActiveCfg = SingleImage
		{B5C17A6F-B1FF-4389-8451-9B05F3C81862}.SingleImage|Any CPU.Build.0 = SingleImage
	EndGlobalSection
	GlobalSection(SolutionProperties) = preSolution
		HideSolutionNode = FALSE
	EndGlobalSection
EndGlobal
